
Microsoft Visual Studio Solution File, Format Version 12.00
# Visual Studio Version 17
VisualStudioVersion = 17.11.35303.130
MinimumVisualStudioVersion = 10.0.40219.1
Project("{9A19103F-16F7-4668-BE54-9A1E7A4F7556}") = "PatientApi", "PatientApi.csproj", "{6EE047C5-B6DA-41C7-BC06-2EE9DCF37E92}"
EndProject
Global
	GlobalSection(SolutionConfigurationPlatforms) = preSolution
		Debug|Any CPU = Debug|Any CPU
		Release|Any CPU = Release|Any CPU
	EndGlobalSection
	GlobalSection(ProjectConfigurationPlatforms) = postSolution
		{6EE047C5-B6DA-41C7-BC06-2EE9DCF37E92}.Debug|Any CPU.ActiveCfg = Debug|Any CPU
		{6EE047C5-B6DA-41C7-BC06-2EE9DCF37E92}.Debug|Any CPU.Build.0 = Debug|Any CPU
		{6EE047C5-B6DA-41C7-BC06-2EE9DCF37E92}.Release|Any CPU.ActiveCfg = Release|Any CPU
		{6EE047C5-B6DA-41C7-BC06-2EE9DCF37E92}.Release|Any CPU.Build.0 = Release|Any CPU
	EndGlobalSection
	GlobalSection(SolutionProperties) = preSolution
		HideSolutionNode = FALSE
	EndGlobalSection
	GlobalSection(ExtensibilityGlobals) = postSolution
		SolutionGuid = {294EEC92-671A-46B0-AFD1-91B8A7E56905}
	EndGlobalSection
EndGlobal
